
Microsoft Visual Studio Solution File, Format Version 12.00
# Visual Studio Version 17
VisualStudioVersion = 17.7.34024.191
MinimumVisualStudioVersion = 10.0.40219.1
Project("{FAE04EC0-301F-11D3-BF4B-00C04F79EFBC}") = "AdminEmpleadosFront", "AdminEmpleadosFront.csproj", "{EBACBB49-A8C1-4B8F-AF45-B567EF6A980D}"
EndProject
Project("{FAE04EC0-301F-11D3-BF4B-00C04F79EFBC}") = "AdminEmpleadoNegocio", "..\AdminEmpleadoNegocio\AdminEmpleadoNegocio.csproj", "{46058C56-828A-45B0-9F87-840FF6AAEC52}"
EndProject
Project("{FAE04EC0-301F-11D3-BF4B-00C04F79EFBC}") = "AdminEmpleadoEntidades", "..\AdminEmpleadoEntidades\AdminEmpleadoEntidades.csproj", "{BBFADB82-7F6B-44CC-8CFE-B8BD31D2B4C2}"
EndProject
Project("{FAE04EC0-301F-11D3-BF4B-00C04F79EFBC}") = "AdminEmpleadoDatos", "..\AdminEmpleadoDatos\AdminEmpleadoDatos.csproj", "{819DC6C5-A949-4B95-B0D5-CB830D4B8107}"
EndProject
Global
	GlobalSection(SolutionConfigurationPlatforms) = preSolution
		Debug|Any CPU = Debug|Any CPU
		Release|Any CPU = Release|Any CPU
	EndGlobalSection
	GlobalSection(ProjectConfigurationPlatforms) = postSolution
		{EBACBB49-A8C1-4B8F-AF45-B567EF6A980D}.Debug|Any CPU.ActiveCfg = Debug|Any CPU
		{EBACBB49-A8C1-4B8F-AF45-B567EF6A980D}.Debug|Any CPU.Build.0 = Debug|Any CPU
		{EBACBB49-A8C1-4B8F-AF45-B567EF6A980D}.Release|Any CPU.ActiveCfg = Release|Any CPU
		{EBACBB49-A8C1-4B8F-AF45-B567EF6A980D}.Release|Any CPU.Build.0 = Release|Any CPU
		{46058C56-828A-45B0-9F87-840FF6AAEC52}.Debug|Any CPU.ActiveCfg = Debug|Any CPU
		{46058C56-828A-45B0-9F87-840FF6AAEC52}.Debug|Any CPU.Build.0 = Debug|Any CPU
		{46058C56-828A-45B0-9F87-840FF6AAEC52}.Release|Any CPU.ActiveCfg = Release|Any CPU
		{46058C56-828A-45B0-9F87-840FF6AAEC52}.Release|Any CPU.Build.0 = Release|Any CPU
		{BBFADB82-7F6B-44CC-8CFE-B8BD31D2B4C2}.Debug|Any CPU.ActiveCfg = Debug|Any CPU
		{BBFADB82-7F6B-44CC-8CFE-B8BD31D2B4C2}.Debug|Any CPU.Build.0 = Debug|Any CPU
		{BBFADB82-7F6B-44CC-8CFE-B8BD31D2B4C2}.Release|Any CPU.ActiveCfg = Release|Any CPU
		{BBFADB82-7F6B-44CC-8CFE-B8BD31D2B4C2}.Release|Any CPU.Build.0 = Release|Any CPU
		{819DC6C5-A949-4B95-B0D5-CB830D4B8107}.Debug|Any CPU.ActiveCfg = Debug|Any CPU
		{819DC6C5-A949-4B95-B0D5-CB830D4B8107}.Debug|Any CPU.Build.0 = Debug|Any CPU
		{819DC6C5-A949-4B95-B0D5-CB830D4B8107}.Release|Any CPU.ActiveCfg = Release|Any CPU
		{819DC6C5-A949-4B95-B0D5-CB830D4B8107}.Release|Any CPU.Build.0 = Release|Any CPU
	EndGlobalSection
	GlobalSection(SolutionProperties) = preSolution
		HideSolutionNode = FALSE
	EndGlobalSection
	GlobalSection(ExtensibilityGlobals) = postSolution
		SolutionGuid = {1668194F-8A58-4AA6-BADD-E27786900B86}
	EndGlobalSection
EndGlobal
